
Microsoft Visual Studio Solution File, Format Version 12.00
# Visual Studio Version 16
VisualStudioVersion = 16.0.29102.190
MinimumVisualStudioVersion = 10.0.40219.1
Project("{FAE04EC0-301F-11D3-BF4B-00C04F79EFBC}") = "Behavioral.Visitor.Reflective", "Behavioral.Visitor.Reflective\Behavioral.Visitor.Reflective.csproj", "{76DDF807-6B8D-48F5-82E6-7ABD00121761}"
EndProject
Global
	GlobalSection(SolutionConfigurationPlatforms) = preSolution
		Debug|Any CPU = Debug|Any CPU
		Release|Any CPU = Release|Any CPU
	EndGlobalSection
	GlobalSection(ProjectConfigurationPlatforms) = postSolution
		{76DDF807-6B8D-48F5-82E6-7ABD00121761}.Debug|Any CPU.ActiveCfg = Debug|Any CPU
		{76DDF807-6B8D-48F5-82E6-7ABD00121761}.Debug|Any CPU.Build.0 = Debug|Any CPU
		{76DDF807-6B8D-48F5-82E6-7ABD00121761}.Release|Any CPU.ActiveCfg = Release|Any CPU
		{76DDF807-6B8D-48F5-82E6-7ABD00121761}.Release|Any CPU.Build.0 = Release|Any CPU
	EndGlobalSection
	GlobalSection(SolutionProperties) = preSolution
		HideSolutionNode = FALSE
	EndGlobalSection
	GlobalSection(ExtensibilityGlobals) = postSolution
		SolutionGuid = {58844BCA-890A-4A76-9AB3-7E859A71DDCD}
	EndGlobalSection
EndGlobal
